
Microsoft Visual Studio Solution File, Format Version 12.00
Project("{2150E333-8FDC-42A3-9474-1A3956D46DE8}") = "Resources", "Resources", "{8F2AFBDE-5410-434F-AEE0-5D0CEC506639}"
ProjectSection(SolutionItems) = preProject
	Resources\VizzyToolbox.xml = Resources\VizzyToolbox.xml
EndProjectSection
EndProject
Project("{FAE04EC0-301F-11D3-BF4B-00C04F79EFBC}") = "LizpyCommandLine", "LizpyCommandLine/LizpyCommandLine.csproj", "{BDD376C5-5672-4942-AE3B-6CF381CAEC16}"
EndProject
Project("{FAE04EC0-301F-11D3-BF4B-00C04F79EFBC}") = "Lizpy", "LizpyCore\Lizpy.csproj", "{6FAC5EDC-0176-43C4-9D33-67FE7D01F3C2}"
EndProject
Global
	GlobalSection(SolutionConfigurationPlatforms) = preSolution
		Debug|Any CPU = Debug|Any CPU
		Release|Any CPU = Release|Any CPU
	EndGlobalSection
	GlobalSection(ProjectConfigurationPlatforms) = postSolution
		{BDD376C5-5672-4942-AE3B-6CF381CAEC16}.Debug|Any CPU.ActiveCfg = Debug|Any CPU
		{BDD376C5-5672-4942-AE3B-6CF381CAEC16}.Debug|Any CPU.Build.0 = Debug|Any CPU
		{BDD376C5-5672-4942-AE3B-6CF381CAEC16}.Release|Any CPU.ActiveCfg = Release|Any CPU
		{BDD376C5-5672-4942-AE3B-6CF381CAEC16}.Release|Any CPU.Build.0 = Release|Any CPU
		{6FAC5EDC-0176-43C4-9D33-67FE7D01F3C2}.Debug|Any CPU.ActiveCfg = Debug|Any CPU
		{6FAC5EDC-0176-43C4-9D33-67FE7D01F3C2}.Debug|Any CPU.Build.0 = Debug|Any CPU
		{6FAC5EDC-0176-43C4-9D33-67FE7D01F3C2}.Release|Any CPU.ActiveCfg = Release|Any CPU
		{6FAC5EDC-0176-43C4-9D33-67FE7D01F3C2}.Release|Any CPU.Build.0 = Release|Any CPU
	EndGlobalSection
EndGlobal
